
Microsoft Visual Studio Solution File, Format Version 12.00
# Visual Studio Version 16
VisualStudioVersion = 16.0.29911.84
MinimumVisualStudioVersion = 10.0.40219.1
Project("{FAE04EC0-301F-11D3-BF4B-00C04F79EFBC}") = "DGJv3", "DGJv3\DGJv3.csproj", "{EA32D827-AE15-4988-8191-4218653898C8}"
EndProject
Project("{2150E333-8FDC-42A3-9474-1A3956D46DE8}") = "Solution Items", "Solution Items", "{A571DA3A-20FA-4A8E-937B-CDFA7F717215}"
	ProjectSection(SolutionItems) = preProject
		.editorconfig = .editorconfig
		.gitattributes = .gitattributes
		.gitignore = .gitignore
		appveyor.yml = appveyor.yml
		README.md = README.md
	EndProjectSection
EndProject
Global
	GlobalSection(SolutionConfigurationPlatforms) = preSolution
		Debug|Any CPU = Debug|Any CPU
		Release|Any CPU = Release|Any CPU
	EndGlobalSection
	GlobalSection(ProjectConfigurationPlatforms) = postSolution
		{EA32D827-AE15-4988-8191-4218653898C8}.Debug|Any CPU.ActiveCfg = Debug|Any CPU
		{EA32D827-AE15-4988-8191-4218653898C8}.Debug|Any CPU.Build.0 = Debug|Any CPU
		{EA32D827-AE15-4988-8191-4218653898C8}.Release|Any CPU.ActiveCfg = Release|Any CPU
		{EA32D827-AE15-4988-8191-4218653898C8}.Release|Any CPU.Build.0 = Release|Any CPU
	EndGlobalSection
	GlobalSection(SolutionProperties) = preSolution
		HideSolutionNode = FALSE
	EndGlobalSection
	GlobalSection(ExtensibilityGlobals) = postSolution
		SolutionGuid = {0426D19B-D35A-40EB-AF6F-0999FFEED9FC}
	EndGlobalSection
EndGlobal
